// !$*UTF8*$!
{
	archiveVersion = 1;
	classes = {
	};
	objectVersion = 60;
	objects = {

/* Begin PBXBuildFile section */
		AA0000010000000000000001 /* SubscApp.swift in Sources */ = {isa = PBXBuildFile; fileRef = BB0000010000000000000001 /* SubscApp.swift */; };
		AA0000020000000000000002 /* RootView.swift in Sources */ = {isa = PBXBuildFile; fileRef = BB0000020000000000000002 /* RootView.swift */; };
		AA0000170000000000000017 /* StorageMode.swift in Sources */ = {isa = PBXBuildFile; fileRef = BB0000220000000000000022 /* StorageMode.swift */; };
		AA0000180000000000000018 /* StorageModeTests.swift in Sources */ = {isa = PBXBuildFile; fileRef = BB0000230000000000000023 /* StorageModeTests.swift */; };
		AA0000240000000000000024 /* ColorHex.swift in Sources */ = {isa = PBXBuildFile; fileRef = BB0000240000000000000024 /* ColorHex.swift */; };
		AA0000510000000000000051 /* MonthlyAmount.swift in Sources */ = {isa = PBXBuildFile; fileRef = BB0000510000000000000051 /* MonthlyAmount.swift */; };
		AA0000470000000000000047 /* AmountEntry.swift in Sources */ = {isa = PBXBuildFile; fileRef = BB0000470000000000000047 /* AmountEntry.swift */; };
		AA0000460000000000000046 /* PaymentMethod.swift in Sources */ = {isa = PBXBuildFile; fileRef = BB0000460000000000000046 /* PaymentMethod.swift */; };
		AA0000840000000000000084 /* LoanTerms.swift in Sources */ = {isa = PBXBuildFile; fileRef = BB0000840000000000000084 /* LoanTerms.swift */; };
		AA0000850000000000000085 /* LoanSchedule.swift in Sources */ = {isa = PBXBuildFile; fileRef = BB0000850000000000000085 /* LoanSchedule.swift */; };
		AA0000860000000000000086 /* LoanScheduleCalculator.swift in Sources */ = {isa = PBXBuildFile; fileRef = BB0000860000000000000086 /* LoanScheduleCalculator.swift */; };
		AA0000870000000000000087 /* LoanScheduleCalculatorTests.swift in Sources */ = {isa = PBXBuildFile; fileRef = BB0000870000000000000087 /* LoanScheduleCalculatorTests.swift */; };
		AA0000880000000000000088 /* Loan.swift in Sources */ = {isa = PBXBuildFile; fileRef = BB0000880000000000000088 /* Loan.swift */; };
		AA0000890000000000000089 /* LoanPayment.swift in Sources */ = {isa = PBXBuildFile; fileRef = BB0000890000000000000089 /* LoanPayment.swift */; };
		AA0000900000000000000090 /* LoanModelTests.swift in Sources */ = {isa = PBXBuildFile; fileRef = BB0000900000000000000090 /* LoanModelTests.swift */; };
		AA0000910000000000000091 /* LoanPaymentStore.swift in Sources */ = {isa = PBXBuildFile; fileRef = BB0000910000000000000091 /* LoanPaymentStore.swift */; };
		AA0000920000000000000092 /* LoanPaymentStoreTests.swift in Sources */ = {isa = PBXBuildFile; fileRef = BB0000920000000000000092 /* LoanPaymentStoreTests.swift */; };
		AA0000930000000000000093 /* LoanNotificationPlanner.swift in Sources */ = {isa = PBXBuildFile; fileRef = BB0000930000000000000093 /* LoanNotificationPlanner.swift */; };
		AA0000940000000000000094 /* LoanNotificationTests.swift in Sources */ = {isa = PBXBuildFile; fileRef = BB0000940000000000000094 /* LoanNotificationTests.swift */; };
		AA0000950000000000000095 /* LoanNotificationResponder.swift in Sources */ = {isa = PBXBuildFile; fileRef = BB0000950000000000000095 /* LoanNotificationResponder.swift */; };
		AA0000450000000000000045 /* CostType.swift in Sources */ = {isa = PBXBuildFile; fileRef = BB0000450000000000000045 /* CostType.swift */; };
		AA0000250000000000000025 /* CategoryCatalog.swift in Sources */ = {isa = PBXBuildFile; fileRef = BB0000250000000000000025 /* CategoryCatalog.swift */; };
		AA00011270000000000000127 /* ServicePickerView.swift in Sources */ = {isa = PBXBuildFile; fileRef = BB00011270000000000000127 /* ServicePickerView.swift */; };
		AA00011260000000000000126 /* ServiceCatalogEntries.swift in Sources */ = {isa = PBXBuildFile; fileRef = BB00011260000000000000126 /* ServiceCatalogEntries.swift */; };
		AA00011250000000000000125 /* ServiceCatalog.swift in Sources */ = {isa = PBXBuildFile; fileRef = BB00011250000000000000125 /* ServiceCatalog.swift */; };
		AA00011290000000000000129 /* UpcomingLargeCharge.swift in Sources */ = {isa = PBXBuildFile; fileRef = BB00011290000000000000129 /* UpcomingLargeCharge.swift */; };
		AA00011330000000000000133 /* CatMood.swift in Sources */ = {isa = PBXBuildFile; fileRef = BB00011330000000000000133 /* CatMood.swift */; };
		AA00011370000000000000137 /* CatMoodContext.swift in Sources */ = {isa = PBXBuildFile; fileRef = BB00011370000000000000137 /* CatMoodContext.swift */; };
		AA00011390000000000000139 /* CatCompanionRow.swift in Sources */ = {isa = PBXBuildFile; fileRef = BB00011390000000000000139 /* CatCompanionRow.swift */; };
		AA00011420000000000000142 /* MonthProgress.swift in Sources */ = {isa = PBXBuildFile; fileRef = BB00011420000000000000142 /* MonthProgress.swift */; };
		AA00011430000000000000143 /* UpcomingTimeline.swift in Sources */ = {isa = PBXBuildFile; fileRef = BB00011430000000000000143 /* UpcomingTimeline.swift */; };
		AA00011340000000000000134 /* BlackCatPalette.swift in Sources */ = {isa = PBXBuildFile; fileRef = BB00011340000000000000134 /* BlackCatPalette.swift */; };
		AA00011400000000000000140 /* BlackCatType.swift in Sources */ = {isa = PBXBuildFile; fileRef = BB00011400000000000000140 /* BlackCatType.swift */; };
		AA00011350000000000000135 /* CatArt.swift in Sources */ = {isa = PBXBuildFile; fileRef = BB00011350000000000000135 /* CatArt.swift */; };
		AA00011360000000000000136 /* CatCompanionView.swift in Sources */ = {isa = PBXBuildFile; fileRef = BB00011360000000000000136 /* CatCompanionView.swift */; };
		AA00011310000000000000131 /* UpcomingChargeSection.swift in Sources */ = {isa = PBXBuildFile; fileRef = BB00011310000000000000131 /* UpcomingChargeSection.swift */; };
		AA0000260000000000000026 /* ColorHexTests.swift in Sources */ = {isa = PBXBuildFile; fileRef = BB0000260000000000000026 /* ColorHexTests.swift */; };
		AA0000270000000000000027 /* CategoryCatalogTests.swift in Sources */ = {isa = PBXBuildFile; fileRef = BB0000270000000000000027 /* CategoryCatalogTests.swift */; };
		AA0000580000000000000058 /* NotificationReminderTests.swift in Sources */ = {isa = PBXBuildFile; fileRef = BB0000580000000000000058 /* NotificationReminderTests.swift */; };
		AA0000590000000000000059 /* ThemeColorTests.swift in Sources */ = {isa = PBXBuildFile; fileRef = BB0000590000000000000059 /* ThemeColorTests.swift */; };
		AA0000600000000000000060 /* ThemeColorPreset.swift in Sources */ = {isa = PBXBuildFile; fileRef = BB0000600000000000000060 /* ThemeColorPreset.swift */; };
		AA0000610000000000000061 /* ThemeColor.swift in Sources */ = {isa = PBXBuildFile; fileRef = BB0000610000000000000061 /* ThemeColor.swift */; };
		AA0000620000000000000062 /* ThemeStore.swift in Sources */ = {isa = PBXBuildFile; fileRef = BB0000620000000000000062 /* ThemeStore.swift */; };
		AA0000630000000000000063 /* ThemeStoreTests.swift in Sources */ = {isa = PBXBuildFile; fileRef = BB0000630000000000000063 /* ThemeStoreTests.swift */; };
		AA0000640000000000000064 /* ThemeColorPickerView.swift in Sources */ = {isa = PBXBuildFile; fileRef = BB0000640000000000000064 /* ThemeColorPickerView.swift */; };
		AA0000800000000000000080 /* ReportChartStylePickerView.swift in Sources */ = {isa = PBXBuildFile; fileRef = BB0000800000000000000080 /* ReportChartStylePickerView.swift */; };
		AA0000810000000000000081 /* BubbleChart.swift in Sources */ = {isa = PBXBuildFile; fileRef = BB0000810000000000000081 /* BubbleChart.swift */; };
		AA0000820000000000000082 /* ColumnChart.swift in Sources */ = {isa = PBXBuildFile; fileRef = BB0000820000000000000082 /* ColumnChart.swift */; };
		AA0000830000000000000083 /* ReportChartGeometryTests.swift in Sources */ = {isa = PBXBuildFile; fileRef = BB0000830000000000000083 /* ReportChartGeometryTests.swift */; };
		AA0000660000000000000066 /* CostTypeBreakdown.swift in Sources */ = {isa = PBXBuildFile; fileRef = BB0000660000000000000066 /* CostTypeBreakdown.swift */; };
		AA0000670000000000000067 /* BubbleLayout.swift in Sources */ = {isa = PBXBuildFile; fileRef = BB0000670000000000000067 /* BubbleLayout.swift */; };
		AA0000700000000000000070 /* ReportChartStyle.swift in Sources */ = {isa = PBXBuildFile; fileRef = BB0000700000000000000070 /* ReportChartStyle.swift */; };
		AA0000710000000000000071 /* ReportChartPalette.swift in Sources */ = {isa = PBXBuildFile; fileRef = BB0000710000000000000071 /* ReportChartPalette.swift */; };
		AA0000720000000000000072 /* StackedBarChart.swift in Sources */ = {isa = PBXBuildFile; fileRef = BB0000720000000000000072 /* StackedBarChart.swift */; };
		AA0000730000000000000073 /* ConcentricRingChart.swift in Sources */ = {isa = PBXBuildFile; fileRef = BB0000730000000000000073 /* ConcentricRingChart.swift */; };
		AA0000740000000000000074 /* ReportChartPaletteTests.swift in Sources */ = {isa = PBXBuildFile; fileRef = BB0000740000000000000074 /* ReportChartPaletteTests.swift */; };
		AA0000680000000000000068 /* CostTypeBreakdownTests.swift in Sources */ = {isa = PBXBuildFile; fileRef = BB0000680000000000000068 /* CostTypeBreakdownTests.swift */; };
		AA0000690000000000000069 /* BubbleLayoutTests.swift in Sources */ = {isa = PBXBuildFile; fileRef = BB0000690000000000000069 /* BubbleLayoutTests.swift */; };
		AA0000530000000000000053 /* AmountEntryStoreTests.swift in Sources */ = {isa = PBXBuildFile; fileRef = BB0000530000000000000053 /* AmountEntryStoreTests.swift */; };
		AA0000500000000000000050 /* ReportCalculatorVariableAmountTests.swift in Sources */ = {isa = PBXBuildFile; fileRef = BB0000500000000000000050 /* ReportCalculatorVariableAmountTests.swift */; };
		AA0000490000000000000049 /* MonthlyAmountTests.swift in Sources */ = {isa = PBXBuildFile; fileRef = BB0000490000000000000049 /* MonthlyAmountTests.swift */; };
		AA0000480000000000000048 /* CostTypeTests.swift in Sources */ = {isa = PBXBuildFile; fileRef = BB0000480000000000000048 /* CostTypeTests.swift */; };
		AA0000440000000000000044 /* NotificationPermissionTests.swift in Sources */ = {isa = PBXBuildFile; fileRef = BB0000440000000000000044 /* NotificationPermissionTests.swift */; };
		AA0000030000000000000003 /* Subscription.swift in Sources */ = {isa = PBXBuildFile; fileRef = BB0000030000000000000003 /* Subscription.swift */; };
		AA0000040000000000000004 /* NotificationService.swift in Sources */ = {isa = PBXBuildFile; fileRef = BB0000040000000000000004 /* NotificationService.swift */; };
		AA0000050000000000000005 /* ReportCalculator.swift in Sources */ = {isa = PBXBuildFile; fileRef = BB0000050000000000000005 /* ReportCalculator.swift */; };
		AA0000060000000000000006 /* DashboardView.swift in Sources */ = {isa = PBXBuildFile; fileRef = BB0000060000000000000006 /* DashboardView.swift */; };
		AA0000070000000000000007 /* ReportCard.swift in Sources */ = {isa = PBXBuildFile; fileRef = BB0000070000000000000007 /* ReportCard.swift */; };
		AA0000280000000000000028 /* ReportGlassStyle.swift in Sources */ = {isa = PBXBuildFile; fileRef = BB0000280000000000000028 /* ReportGlassStyle.swift */; };
		AA0000290000000000000029 /* ReportPager.swift in Sources */ = {isa = PBXBuildFile; fileRef = BB0000290000000000000029 /* ReportPager.swift */; };
		AA0000300000000000000030 /* ReportPage.swift in Sources */ = {isa = PBXBuildFile; fileRef = BB0000300000000000000030 /* ReportPage.swift */; };
		AA0000310000000000000031 /* GlassBarChart.swift in Sources */ = {isa = PBXBuildFile; fileRef = BB0000310000000000000031 /* GlassBarChart.swift */; };
		AA0000320000000000000032 /* ReportBreakdownSheet.swift in Sources */ = {isa = PBXBuildFile; fileRef = BB0000320000000000000032 /* ReportBreakdownSheet.swift */; };
		AA0000330000000000000033 /* DashboardSearchFilter.swift in Sources */ = {isa = PBXBuildFile; fileRef = BB0000330000000000000033 /* DashboardSearchFilter.swift */; };
		AA0000340000000000000034 /* DashboardEmptyState.swift in Sources */ = {isa = PBXBuildFile; fileRef = BB0000340000000000000034 /* DashboardEmptyState.swift */; };
		AA0000350000000000000035 /* SubscriptionRow.swift in Sources */ = {isa = PBXBuildFile; fileRef = BB0000350000000000000035 /* SubscriptionRow.swift */; };
		AA0000360000000000000036 /* SubscriptionDetailView.swift in Sources */ = {isa = PBXBuildFile; fileRef = BB0000360000000000000036 /* SubscriptionDetailView.swift */; };
		AA0000080000000000000008 /* SubscriptionFormView.swift in Sources */ = {isa = PBXBuildFile; fileRef = BB0000080000000000000008 /* SubscriptionFormView.swift */; };
		AA0000550000000000000055 /* AmountHistorySection.swift in Sources */ = {isa = PBXBuildFile; fileRef = BB0000550000000000000055 /* AmountHistorySection.swift */; };
		AA0000540000000000000054 /* AmountEntryEditorView.swift in Sources */ = {isa = PBXBuildFile; fileRef = BB0000540000000000000054 /* AmountEntryEditorView.swift */; };
		AA0000370000000000000037 /* SubscriptionFormView+FormSections.swift in Sources */ = {isa = PBXBuildFile; fileRef = BB0000370000000000000037 /* SubscriptionFormView+FormSections.swift */; };
		AA0000380000000000000038 /* SubscriptionFormView+CategoryColor.swift in Sources */ = {isa = PBXBuildFile; fileRef = BB0000380000000000000038 /* SubscriptionFormView+CategoryColor.swift */; };
		AA0000390000000000000039 /* SubscriptionFormView+Draft.swift in Sources */ = {isa = PBXBuildFile; fileRef = BB0000390000000000000039 /* SubscriptionFormView+Draft.swift */; };
		AA0000400000000000000040 /* SubscriptionFormView+Save.swift in Sources */ = {isa = PBXBuildFile; fileRef = BB0000400000000000000040 /* SubscriptionFormView+Save.swift */; };
		AA0000410000000000000041 /* SubscriptionFormView+ExchangeRate.swift in Sources */ = {isa = PBXBuildFile; fileRef = BB0000410000000000000041 /* SubscriptionFormView+ExchangeRate.swift */; };
		AA0000420000000000000042 /* NotificationTimingView.swift in Sources */ = {isa = PBXBuildFile; fileRef = BB0000420000000000000042 /* NotificationTimingView.swift */; };
		AA0000090000000000000009 /* SettingsView.swift in Sources */ = {isa = PBXBuildFile; fileRef = BB0000090000000000000009 /* SettingsView.swift */; };
		AA0000430000000000000043 /* NotificationPermission.swift in Sources */ = {isa = PBXBuildFile; fileRef = BB0000430000000000000043 /* NotificationPermission.swift */; };
		AA0000100000000000000010 /* ReportCalculatorTests.swift in Sources */ = {isa = PBXBuildFile; fileRef = BB0000100000000000000010 /* ReportCalculatorTests.swift */; };
		AA0000110000000000000011 /* Assets.xcassets in Resources */ = {isa = PBXBuildFile; fileRef = BB0000130000000000000013 /* Assets.xcassets */; };
		AA0000120000000000000012 /* ExchangeRateService.swift in Sources */ = {isa = PBXBuildFile; fileRef = BB0000140000000000000014 /* ExchangeRateService.swift */; };
		AA0000570000000000000057 /* ReminderPlanner.swift in Sources */ = {isa = PBXBuildFile; fileRef = BB0000570000000000000057 /* ReminderPlanner.swift */; };
		AA0000560000000000000056 /* NotificationIdentifier.swift in Sources */ = {isa = PBXBuildFile; fileRef = BB0000560000000000000056 /* NotificationIdentifier.swift */; };
		AA0000520000000000000052 /* AmountEntryStore.swift in Sources */ = {isa = PBXBuildFile; fileRef = BB0000520000000000000052 /* AmountEntryStore.swift */; };
		AA0000130000000000000013 /* PrivacyInfo.xcprivacy in Resources */ = {isa = PBXBuildFile; fileRef = BB0000170000000000000017 /* PrivacyInfo.xcprivacy */; };
		AA0000140000000000000014 /* NotificationPlannerTests.swift in Sources */ = {isa = PBXBuildFile; fileRef = BB0000190000000000000019 /* NotificationPlannerTests.swift */; };
		AA0000150000000000000015 /* SubscUITests.swift in Sources */ = {isa = PBXBuildFile; fileRef = BB0000200000000000000020 /* SubscUITests.swift */; };
		AA0000160000000000000016 /* ExchangeRateServiceTests.swift in Sources */ = {isa = PBXBuildFile; fileRef = BB0000210000000000000021 /* ExchangeRateServiceTests.swift */; };
		AA000096000000000000096 /* LoanSummary.swift in Sources */ = {isa = PBXBuildFile; fileRef = BB000096000000000000096 /* LoanSummary.swift */; };
		AA000097000000000000097 /* LoanFormInput.swift in Sources */ = {isa = PBXBuildFile; fileRef = BB000097000000000000097 /* LoanFormInput.swift */; };
		AA000098000000000000098 /* DashboardListItem.swift in Sources */ = {isa = PBXBuildFile; fileRef = BB000098000000000000098 /* DashboardListItem.swift */; };
		AA000099000000000000099 /* LoanSummaryTests.swift in Sources */ = {isa = PBXBuildFile; fileRef = BB000099000000000000099 /* LoanSummaryTests.swift */; };
		AA0001000000000000000100 /* LoanFormInputTests.swift in Sources */ = {isa = PBXBuildFile; fileRef = BB0001000000000000000100 /* LoanFormInputTests.swift */; };
		AA0001010000000000000101 /* DashboardListItemTests.swift in Sources */ = {isa = PBXBuildFile; fileRef = BB0001010000000000000101 /* DashboardListItemTests.swift */; };
		AA0001020000000000000102 /* LoanRow.swift in Sources */ = {isa = PBXBuildFile; fileRef = BB0001020000000000000102 /* LoanRow.swift */; };
		AA0001030000000000000103 /* LoanFormView.swift in Sources */ = {isa = PBXBuildFile; fileRef = BB0001030000000000000103 /* LoanFormView.swift */; };
		AA0001040000000000000104 /* LoanFormView+Sections.swift in Sources */ = {isa = PBXBuildFile; fileRef = BB0001040000000000000104 /* LoanFormView+Sections.swift */; };
		AA0001050000000000000105 /* LoanFormView+Save.swift in Sources */ = {isa = PBXBuildFile; fileRef = BB0001050000000000000105 /* LoanFormView+Save.swift */; };
		AA0001060000000000000106 /* LoanDetailView.swift in Sources */ = {isa = PBXBuildFile; fileRef = BB0001060000000000000106 /* LoanDetailView.swift */; };
		AA0001070000000000000107 /* LoanScheduleView.swift in Sources */ = {isa = PBXBuildFile; fileRef = BB0001070000000000000107 /* LoanScheduleView.swift */; };
		AA0001080000000000000108 /* LoanHistoryView.swift in Sources */ = {isa = PBXBuildFile; fileRef = BB0001080000000000000108 /* LoanHistoryView.swift */; };
		AA0001090000000000000109 /* LoanPaymentEditorView.swift in Sources */ = {isa = PBXBuildFile; fileRef = BB0001090000000000000109 /* LoanPaymentEditorView.swift */; };
		AA0001100000000000000110 /* LoanSimulator.swift in Sources */ = {isa = PBXBuildFile; fileRef = BB0001100000000000000110 /* LoanSimulator.swift */; };
		AA0001110000000000000111 /* LoanSimulationAccess.swift in Sources */ = {isa = PBXBuildFile; fileRef = BB0001110000000000000111 /* LoanSimulationAccess.swift */; };
		AA0001120000000000000112 /* LoanSimulationResultSection.swift in Sources */ = {isa = PBXBuildFile; fileRef = BB0001120000000000000112 /* LoanSimulationResultSection.swift */; };
		AA0001130000000000000113 /* LoanPrepaymentSimulationView.swift in Sources */ = {isa = PBXBuildFile; fileRef = BB0001130000000000000113 /* LoanPrepaymentSimulationView.swift */; };
		AA0001140000000000000114 /* LoanRateChangeSimulationView.swift in Sources */ = {isa = PBXBuildFile; fileRef = BB0001140000000000000114 /* LoanRateChangeSimulationView.swift */; };
		AA0001150000000000000115 /* LoanBorrowingSimulatorView.swift in Sources */ = {isa = PBXBuildFile; fileRef = BB0001150000000000000115 /* LoanBorrowingSimulatorView.swift */; };
		AA0001160000000000000116 /* LoanSimulatorTests.swift in Sources */ = {isa = PBXBuildFile; fileRef = BB0001160000000000000116 /* LoanSimulatorTests.swift */; };
		AA0001170000000000000117 /* ReportCalculatorLoanTests.swift in Sources */ = {isa = PBXBuildFile; fileRef = BB0001170000000000000117 /* ReportCalculatorLoanTests.swift */; };
		AA0001180000000000000118 /* SubscriptionFilterEmptyStateTests.swift in Sources */ = {isa = PBXBuildFile; fileRef = BB0001180000000000000118 /* SubscriptionFilterEmptyStateTests.swift */; };
		AA0001190000000000000119 /* ReportCalculatorPausedTests.swift in Sources */ = {isa = PBXBuildFile; fileRef = BB0001190000000000000119 /* ReportCalculatorPausedTests.swift */; };
		AA0001200000000000000120 /* LoanDueDateTests.swift in Sources */ = {isa = PBXBuildFile; fileRef = BB0001200000000000000120 /* LoanDueDateTests.swift */; };
		AA0001210000000000000121 /* LoanNotificationSettings.swift in Sources */ = {isa = PBXBuildFile; fileRef = BB0001210000000000000121 /* LoanNotificationSettings.swift */; };
		AA0001220000000000000122 /* LoanNotificationLeadTests.swift in Sources */ = {isa = PBXBuildFile; fileRef = BB0001220000000000000122 /* LoanNotificationLeadTests.swift */; };
		AA00011230000000000000123 /* LoanPauseTests.swift in Sources */ = {isa = PBXBuildFile; fileRef = BB00011230000000000000123 /* LoanPauseTests.swift */; };
		AA00011240000000000000124 /* YearlyBillingTests.swift in Sources */ = {isa = PBXBuildFile; fileRef = BB00011240000000000000124 /* YearlyBillingTests.swift */; };
		AA00011280000000000000128 /* ServiceCatalogTests.swift in Sources */ = {isa = PBXBuildFile; fileRef = BB00011280000000000000128 /* ServiceCatalogTests.swift */; };
		AA00011300000000000000130 /* UpcomingLargeChargeTests.swift in Sources */ = {isa = PBXBuildFile; fileRef = BB00011300000000000000130 /* UpcomingLargeChargeTests.swift */; };
		AA00011320000000000000132 /* CatMoodTests.swift in Sources */ = {isa = PBXBuildFile; fileRef = BB00011320000000000000132 /* CatMoodTests.swift */; };
		AA00011380000000000000138 /* CatMoodContextTests.swift in Sources */ = {isa = PBXBuildFile; fileRef = BB00011380000000000000138 /* CatMoodContextTests.swift */; };
		AA00011410000000000000141 /* HarmonizedColorTests.swift in Sources */ = {isa = PBXBuildFile; fileRef = BB00011410000000000000141 /* HarmonizedColorTests.swift */; };
/* End PBXBuildFile section */

/* Begin PBXContainerItemProxy section */
		CC0000010000000000000001 /* PBXContainerItemProxy */ = {
			isa = PBXContainerItemProxy;
			containerPortal = DD0000010000000000000001 /* Project object */;
			proxyType = 1;
			remoteGlobalIDString = EE0000010000000000000001;
			remoteInfo = Subsc;
		};
		CC0000020000000000000002 /* PBXContainerItemProxy */ = {
			isa = PBXContainerItemProxy;
			containerPortal = DD0000010000000000000001 /* Project object */;
			proxyType = 1;
			remoteGlobalIDString = EE0000010000000000000001;
			remoteInfo = Subsc;
		};
/* End PBXContainerItemProxy section */

/* Begin PBXFileReference section */
		BB0000010000000000000001 /* SubscApp.swift */ = {isa = PBXFileReference; lastKnownFileType = sourcecode.swift; path = SubscApp.swift; sourceTree = "<group>"; };
		BB0000020000000000000002 /* RootView.swift */ = {isa = PBXFileReference; lastKnownFileType = sourcecode.swift; path = RootView.swift; sourceTree = "<group>"; };
		BB0000220000000000000022 /* StorageMode.swift */ = {isa = PBXFileReference; lastKnownFileType = sourcecode.swift; path = StorageMode.swift; sourceTree = "<group>"; };
		BB0000230000000000000023 /* StorageModeTests.swift */ = {isa = PBXFileReference; lastKnownFileType = sourcecode.swift; path = StorageModeTests.swift; sourceTree = "<group>"; };
		BB0000240000000000000024 /* ColorHex.swift */ = {isa = PBXFileReference; lastKnownFileType = sourcecode.swift; path = ColorHex.swift; sourceTree = "<group>"; };
		BB0000510000000000000051 /* MonthlyAmount.swift */ = {isa = PBXFileReference; lastKnownFileType = sourcecode.swift; path = MonthlyAmount.swift; sourceTree = "<group>"; };
		BB0000470000000000000047 /* AmountEntry.swift */ = {isa = PBXFileReference; lastKnownFileType = sourcecode.swift; path = AmountEntry.swift; sourceTree = "<group>"; };
		BB0000460000000000000046 /* PaymentMethod.swift */ = {isa = PBXFileReference; lastKnownFileType = sourcecode.swift; path = PaymentMethod.swift; sourceTree = "<group>"; };
		BB0000840000000000000084 /* LoanTerms.swift */ = {isa = PBXFileReference; lastKnownFileType = sourcecode.swift; path = LoanTerms.swift; sourceTree = "<group>"; };
		BB0000850000000000000085 /* LoanSchedule.swift */ = {isa = PBXFileReference; lastKnownFileType = sourcecode.swift; path = LoanSchedule.swift; sourceTree = "<group>"; };
		BB0000860000000000000086 /* LoanScheduleCalculator.swift */ = {isa = PBXFileReference; lastKnownFileType = sourcecode.swift; path = LoanScheduleCalculator.swift; sourceTree = "<group>"; };
		BB0000870000000000000087 /* LoanScheduleCalculatorTests.swift */ = {isa = PBXFileReference; lastKnownFileType = sourcecode.swift; path = LoanScheduleCalculatorTests.swift; sourceTree = "<group>"; };
		BB0000880000000000000088 /* Loan.swift */ = {isa = PBXFileReference; lastKnownFileType = sourcecode.swift; path = Loan.swift; sourceTree = "<group>"; };
		BB0000890000000000000089 /* LoanPayment.swift */ = {isa = PBXFileReference; lastKnownFileType = sourcecode.swift; path = LoanPayment.swift; sourceTree = "<group>"; };
		BB0000900000000000000090 /* LoanModelTests.swift */ = {isa = PBXFileReference; lastKnownFileType = sourcecode.swift; path = LoanModelTests.swift; sourceTree = "<group>"; };
		BB0000910000000000000091 /* LoanPaymentStore.swift */ = {isa = PBXFileReference; lastKnownFileType = sourcecode.swift; path = LoanPaymentStore.swift; sourceTree = "<group>"; };
		BB0000920000000000000092 /* LoanPaymentStoreTests.swift */ = {isa = PBXFileReference; lastKnownFileType = sourcecode.swift; path = LoanPaymentStoreTests.swift; sourceTree = "<group>"; };
		BB0000930000000000000093 /* LoanNotificationPlanner.swift */ = {isa = PBXFileReference; lastKnownFileType = sourcecode.swift; path = LoanNotificationPlanner.swift; sourceTree = "<group>"; };
		BB0000940000000000000094 /* LoanNotificationTests.swift */ = {isa = PBXFileReference; lastKnownFileType = sourcecode.swift; path = LoanNotificationTests.swift; sourceTree = "<group>"; };
		BB0000950000000000000095 /* LoanNotificationResponder.swift */ = {isa = PBXFileReference; lastKnownFileType = sourcecode.swift; path = LoanNotificationResponder.swift; sourceTree = "<group>"; };
		BB0000450000000000000045 /* CostType.swift */ = {isa = PBXFileReference; lastKnownFileType = sourcecode.swift; path = CostType.swift; sourceTree = "<group>"; };
		BB0000250000000000000025 /* CategoryCatalog.swift */ = {isa = PBXFileReference; lastKnownFileType = sourcecode.swift; path = CategoryCatalog.swift; sourceTree = "<group>"; };
		BB00011270000000000000127 /* ServicePickerView.swift */ = {isa = PBXFileReference; lastKnownFileType = sourcecode.swift; path = ServicePickerView.swift; sourceTree = "<group>"; };
		BB00011260000000000000126 /* ServiceCatalogEntries.swift */ = {isa = PBXFileReference; lastKnownFileType = sourcecode.swift; path = ServiceCatalogEntries.swift; sourceTree = "<group>"; };
		BB00011250000000000000125 /* ServiceCatalog.swift */ = {isa = PBXFileReference; lastKnownFileType = sourcecode.swift; path = ServiceCatalog.swift; sourceTree = "<group>"; };
		BB00011290000000000000129 /* UpcomingLargeCharge.swift */ = {isa = PBXFileReference; lastKnownFileType = sourcecode.swift; path = UpcomingLargeCharge.swift; sourceTree = "<group>"; };
		BB00011330000000000000133 /* CatMood.swift */ = {isa = PBXFileReference; lastKnownFileType = sourcecode.swift; path = CatMood.swift; sourceTree = "<group>"; };
		BB00011370000000000000137 /* CatMoodContext.swift */ = {isa = PBXFileReference; lastKnownFileType = sourcecode.swift; path = CatMoodContext.swift; sourceTree = "<group>"; };
		BB00011390000000000000139 /* CatCompanionRow.swift */ = {isa = PBXFileReference; lastKnownFileType = sourcecode.swift; path = CatCompanionRow.swift; sourceTree = "<group>"; };
		BB00011420000000000000142 /* MonthProgress.swift */ = {isa = PBXFileReference; lastKnownFileType = sourcecode.swift; path = MonthProgress.swift; sourceTree = "<group>"; };
		BB00011430000000000000143 /* UpcomingTimeline.swift */ = {isa = PBXFileReference; lastKnownFileType = sourcecode.swift; path = UpcomingTimeline.swift; sourceTree = "<group>"; };
		BB00011340000000000000134 /* BlackCatPalette.swift */ = {isa = PBXFileReference; lastKnownFileType = sourcecode.swift; path = BlackCatPalette.swift; sourceTree = "<group>"; };
		BB00011400000000000000140 /* BlackCatType.swift */ = {isa = PBXFileReference; lastKnownFileType = sourcecode.swift; path = BlackCatType.swift; sourceTree = "<group>"; };
		BB00011350000000000000135 /* CatArt.swift */ = {isa = PBXFileReference; lastKnownFileType = sourcecode.swift; path = CatArt.swift; sourceTree = "<group>"; };
		BB00011360000000000000136 /* CatCompanionView.swift */ = {isa = PBXFileReference; lastKnownFileType = sourcecode.swift; path = CatCompanionView.swift; sourceTree = "<group>"; };
		BB00011310000000000000131 /* UpcomingChargeSection.swift */ = {isa = PBXFileReference; lastKnownFileType = sourcecode.swift; path = UpcomingChargeSection.swift; sourceTree = "<group>"; };
		BB0000260000000000000026 /* ColorHexTests.swift */ = {isa = PBXFileReference; lastKnownFileType = sourcecode.swift; path = ColorHexTests.swift; sourceTree = "<group>"; };
		BB0000270000000000000027 /* CategoryCatalogTests.swift */ = {isa = PBXFileReference; lastKnownFileType = sourcecode.swift; path = CategoryCatalogTests.swift; sourceTree = "<group>"; };
		BB0000580000000000000058 /* NotificationReminderTests.swift */ = {isa = PBXFileReference; lastKnownFileType = sourcecode.swift; path = NotificationReminderTests.swift; sourceTree = "<group>"; };
		BB0000590000000000000059 /* ThemeColorTests.swift */ = {isa = PBXFileReference; lastKnownFileType = sourcecode.swift; path = ThemeColorTests.swift; sourceTree = "<group>"; };
		BB0000600000000000000060 /* ThemeColorPreset.swift */ = {isa = PBXFileReference; lastKnownFileType = sourcecode.swift; path = ThemeColorPreset.swift; sourceTree = "<group>"; };
		BB0000610000000000000061 /* ThemeColor.swift */ = {isa = PBXFileReference; lastKnownFileType = sourcecode.swift; path = ThemeColor.swift; sourceTree = "<group>"; };
		BB0000620000000000000062 /* ThemeStore.swift */ = {isa = PBXFileReference; lastKnownFileType = sourcecode.swift; path = ThemeStore.swift; sourceTree = "<group>"; };
		BB0000630000000000000063 /* ThemeStoreTests.swift */ = {isa = PBXFileReference; lastKnownFileType = sourcecode.swift; path = ThemeStoreTests.swift; sourceTree = "<group>"; };
		BB0000640000000000000064 /* ThemeColorPickerView.swift */ = {isa = PBXFileReference; lastKnownFileType = sourcecode.swift; path = ThemeColorPickerView.swift; sourceTree = "<group>"; };
		BB0000800000000000000080 /* ReportChartStylePickerView.swift */ = {isa = PBXFileReference; lastKnownFileType = sourcecode.swift; path = ReportChartStylePickerView.swift; sourceTree = "<group>"; };
		BB0000810000000000000081 /* BubbleChart.swift */ = {isa = PBXFileReference; lastKnownFileType = sourcecode.swift; path = BubbleChart.swift; sourceTree = "<group>"; };
		BB0000820000000000000082 /* ColumnChart.swift */ = {isa = PBXFileReference; lastKnownFileType = sourcecode.swift; path = ColumnChart.swift; sourceTree = "<group>"; };
		BB0000830000000000000083 /* ReportChartGeometryTests.swift */ = {isa = PBXFileReference; lastKnownFileType = sourcecode.swift; path = ReportChartGeometryTests.swift; sourceTree = "<group>"; };
		BB0000660000000000000066 /* CostTypeBreakdown.swift */ = {isa = PBXFileReference; lastKnownFileType = sourcecode.swift; path = CostTypeBreakdown.swift; sourceTree = "<group>"; };
		BB0000670000000000000067 /* BubbleLayout.swift */ = {isa = PBXFileReference; lastKnownFileType = sourcecode.swift; path = BubbleLayout.swift; sourceTree = "<group>"; };
		BB0000700000000000000070 /* ReportChartStyle.swift */ = {isa = PBXFileReference; lastKnownFileType = sourcecode.swift; path = ReportChartStyle.swift; sourceTree = "<group>"; };
		BB0000710000000000000071 /* ReportChartPalette.swift */ = {isa = PBXFileReference; lastKnownFileType = sourcecode.swift; path = ReportChartPalette.swift; sourceTree = "<group>"; };
		BB0000720000000000000072 /* StackedBarChart.swift */ = {isa = PBXFileReference; lastKnownFileType = sourcecode.swift; path = StackedBarChart.swift; sourceTree = "<group>"; };
		BB0000730000000000000073 /* ConcentricRingChart.swift */ = {isa = PBXFileReference; lastKnownFileType = sourcecode.swift; path = ConcentricRingChart.swift; sourceTree = "<group>"; };
		BB0000740000000000000074 /* ReportChartPaletteTests.swift */ = {isa = PBXFileReference; lastKnownFileType = sourcecode.swift; path = ReportChartPaletteTests.swift; sourceTree = "<group>"; };
		BB0000680000000000000068 /* CostTypeBreakdownTests.swift */ = {isa = PBXFileReference; lastKnownFileType = sourcecode.swift; path = CostTypeBreakdownTests.swift; sourceTree = "<group>"; };
		BB0000690000000000000069 /* BubbleLayoutTests.swift */ = {isa = PBXFileReference; lastKnownFileType = sourcecode.swift; path = BubbleLayoutTests.swift; sourceTree = "<group>"; };
		BB0000530000000000000053 /* AmountEntryStoreTests.swift */ = {isa = PBXFileReference; lastKnownFileType = sourcecode.swift; path = AmountEntryStoreTests.swift; sourceTree = "<group>"; };
		BB0000500000000000000050 /* ReportCalculatorVariableAmountTests.swift */ = {isa = PBXFileReference; lastKnownFileType = sourcecode.swift; path = ReportCalculatorVariableAmountTests.swift; sourceTree = "<group>"; };
		BB0000490000000000000049 /* MonthlyAmountTests.swift */ = {isa = PBXFileReference; lastKnownFileType = sourcecode.swift; path = MonthlyAmountTests.swift; sourceTree = "<group>"; };
		BB0000480000000000000048 /* CostTypeTests.swift */ = {isa = PBXFileReference; lastKnownFileType = sourcecode.swift; path = CostTypeTests.swift; sourceTree = "<group>"; };
		BB0000440000000000000044 /* NotificationPermissionTests.swift */ = {isa = PBXFileReference; lastKnownFileType = sourcecode.swift; path = NotificationPermissionTests.swift; sourceTree = "<group>"; };
		BB0000030000000000000003 /* Subscription.swift */ = {isa = PBXFileReference; lastKnownFileType = sourcecode.swift; path = Subscription.swift; sourceTree = "<group>"; };
		BB0000040000000000000004 /* NotificationService.swift */ = {isa = PBXFileReference; lastKnownFileType = sourcecode.swift; path = NotificationService.swift; sourceTree = "<group>"; };
		BB0000050000000000000005 /* ReportCalculator.swift */ = {isa = PBXFileReference; lastKnownFileType = sourcecode.swift; path = ReportCalculator.swift; sourceTree = "<group>"; };
		BB0000060000000000000006 /* DashboardView.swift */ = {isa = PBXFileReference; lastKnownFileType = sourcecode.swift; path = DashboardView.swift; sourceTree = "<group>"; };
		BB0000070000000000000007 /* ReportCard.swift */ = {isa = PBXFileReference; lastKnownFileType = sourcecode.swift; path = ReportCard.swift; sourceTree = "<group>"; };
		BB0000280000000000000028 /* ReportGlassStyle.swift */ = {isa = PBXFileReference; lastKnownFileType = sourcecode.swift; path = ReportGlassStyle.swift; sourceTree = "<group>"; };
		BB0000290000000000000029 /* ReportPager.swift */ = {isa = PBXFileReference; lastKnownFileType = sourcecode.swift; path = ReportPager.swift; sourceTree = "<group>"; };
		BB0000300000000000000030 /* ReportPage.swift */ = {isa = PBXFileReference; lastKnownFileType = sourcecode.swift; path = ReportPage.swift; sourceTree = "<group>"; };
		BB0000310000000000000031 /* GlassBarChart.swift */ = {isa = PBXFileReference; lastKnownFileType = sourcecode.swift; path = GlassBarChart.swift; sourceTree = "<group>"; };
		BB0000320000000000000032 /* ReportBreakdownSheet.swift */ = {isa = PBXFileReference; lastKnownFileType = sourcecode.swift; path = ReportBreakdownSheet.swift; sourceTree = "<group>"; };
		BB0000330000000000000033 /* DashboardSearchFilter.swift */ = {isa = PBXFileReference; lastKnownFileType = sourcecode.swift; path = DashboardSearchFilter.swift; sourceTree = "<group>"; };
		BB0000340000000000000034 /* DashboardEmptyState.swift */ = {isa = PBXFileReference; lastKnownFileType = sourcecode.swift; path = DashboardEmptyState.swift; sourceTree = "<group>"; };
		BB0000350000000000000035 /* SubscriptionRow.swift */ = {isa = PBXFileReference; lastKnownFileType = sourcecode.swift; path = SubscriptionRow.swift; sourceTree = "<group>"; };
		BB0000360000000000000036 /* SubscriptionDetailView.swift */ = {isa = PBXFileReference; lastKnownFileType = sourcecode.swift; path = SubscriptionDetailView.swift; sourceTree = "<group>"; };
		BB0000080000000000000008 /* SubscriptionFormView.swift */ = {isa = PBXFileReference; lastKnownFileType = sourcecode.swift; path = SubscriptionFormView.swift; sourceTree = "<group>"; };
		BB0000550000000000000055 /* AmountHistorySection.swift */ = {isa = PBXFileReference; lastKnownFileType = sourcecode.swift; path = AmountHistorySection.swift; sourceTree = "<group>"; };
		BB0000540000000000000054 /* AmountEntryEditorView.swift */ = {isa = PBXFileReference; lastKnownFileType = sourcecode.swift; path = AmountEntryEditorView.swift; sourceTree = "<group>"; };
		BB0000370000000000000037 /* SubscriptionFormView+FormSections.swift */ = {isa = PBXFileReference; lastKnownFileType = sourcecode.swift; path = "SubscriptionFormView+FormSections.swift"; sourceTree = "<group>"; };
		BB0000380000000000000038 /* SubscriptionFormView+CategoryColor.swift */ = {isa = PBXFileReference; lastKnownFileType = sourcecode.swift; path = "SubscriptionFormView+CategoryColor.swift"; sourceTree = "<group>"; };
		BB0000390000000000000039 /* SubscriptionFormView+Draft.swift */ = {isa = PBXFileReference; lastKnownFileType = sourcecode.swift; path = "SubscriptionFormView+Draft.swift"; sourceTree = "<group>"; };
		BB0000400000000000000040 /* SubscriptionFormView+Save.swift */ = {isa = PBXFileReference; lastKnownFileType = sourcecode.swift; path = "SubscriptionFormView+Save.swift"; sourceTree = "<group>"; };
		BB0000410000000000000041 /* SubscriptionFormView+ExchangeRate.swift */ = {isa = PBXFileReference; lastKnownFileType = sourcecode.swift; path = "SubscriptionFormView+ExchangeRate.swift"; sourceTree = "<group>"; };
		BB0000420000000000000042 /* NotificationTimingView.swift */ = {isa = PBXFileReference; lastKnownFileType = sourcecode.swift; path = "NotificationTimingView.swift"; sourceTree = "<group>"; };
		BB0000090000000000000009 /* SettingsView.swift */ = {isa = PBXFileReference; lastKnownFileType = sourcecode.swift; path = SettingsView.swift; sourceTree = "<group>"; };
		BB0000430000000000000043 /* NotificationPermission.swift */ = {isa = PBXFileReference; lastKnownFileType = sourcecode.swift; path = NotificationPermission.swift; sourceTree = "<group>"; };
		BB0000100000000000000010 /* ReportCalculatorTests.swift */ = {isa = PBXFileReference; lastKnownFileType = sourcecode.swift; path = ReportCalculatorTests.swift; sourceTree = "<group>"; };
		BB0000110000000000000011 /* Subsc.app */ = {isa = PBXFileReference; explicitFileType = wrapper.application; includeInIndex = 0; path = Subsc.app; sourceTree = BUILT_PRODUCTS_DIR; };
		BB0000120000000000000012 /* SubscTests.xctest */ = {isa = PBXFileReference; explicitFileType = wrapper.cfbundle; includeInIndex = 0; path = SubscTests.xctest; sourceTree = BUILT_PRODUCTS_DIR; };
		BB0000130000000000000013 /* Assets.xcassets */ = {isa = PBXFileReference; lastKnownFileType = folder.assetcatalog; path = Assets.xcassets; sourceTree = "<group>"; };
		BB0000140000000000000014 /* ExchangeRateService.swift */ = {isa = PBXFileReference; lastKnownFileType = sourcecode.swift; path = ExchangeRateService.swift; sourceTree = "<group>"; };
		BB0000570000000000000057 /* ReminderPlanner.swift */ = {isa = PBXFileReference; lastKnownFileType = sourcecode.swift; path = ReminderPlanner.swift; sourceTree = "<group>"; };
		BB0000560000000000000056 /* NotificationIdentifier.swift */ = {isa = PBXFileReference; lastKnownFileType = sourcecode.swift; path = NotificationIdentifier.swift; sourceTree = "<group>"; };
		BB0000520000000000000052 /* AmountEntryStore.swift */ = {isa = PBXFileReference; lastKnownFileType = sourcecode.swift; path = AmountEntryStore.swift; sourceTree = "<group>"; };
		BB0000150000000000000015 /* Subsc.entitlements */ = {isa = PBXFileReference; lastKnownFileType = text.plist.entitlements; path = Subsc.entitlements; sourceTree = "<group>"; };
		BB0000160000000000000016 /* Info.plist */ = {isa = PBXFileReference; lastKnownFileType = text.plist.xml; path = Info.plist; sourceTree = "<group>"; };
		BB0000170000000000000017 /* PrivacyInfo.xcprivacy */ = {isa = PBXFileReference; lastKnownFileType = text.xml; path = PrivacyInfo.xcprivacy; sourceTree = "<group>"; };
		BB0000180000000000000018 /* SubscUITests.xctest */ = {isa = PBXFileReference; explicitFileType = wrapper.cfbundle; includeInIndex = 0; path = SubscUITests.xctest; sourceTree = BUILT_PRODUCTS_DIR; };
		BB0000190000000000000019 /* NotificationPlannerTests.swift */ = {isa = PBXFileReference; lastKnownFileType = sourcecode.swift; path = NotificationPlannerTests.swift; sourceTree = "<group>"; };
		BB0000200000000000000020 /* SubscUITests.swift */ = {isa = PBXFileReference; lastKnownFileType = sourcecode.swift; path = SubscUITests.swift; sourceTree = "<group>"; };
		BB0000210000000000000021 /* ExchangeRateServiceTests.swift */ = {isa = PBXFileReference; lastKnownFileType = sourcecode.swift; path = ExchangeRateServiceTests.swift; sourceTree = "<group>"; };
		BB000096000000000000096 /* LoanSummary.swift */ = {isa = PBXFileReference; lastKnownFileType = sourcecode.swift; path = LoanSummary.swift; sourceTree = "<group>"; };
		BB000097000000000000097 /* LoanFormInput.swift */ = {isa = PBXFileReference; lastKnownFileType = sourcecode.swift; path = LoanFormInput.swift; sourceTree = "<group>"; };
		BB000098000000000000098 /* DashboardListItem.swift */ = {isa = PBXFileReference; lastKnownFileType = sourcecode.swift; path = DashboardListItem.swift; sourceTree = "<group>"; };
		BB000099000000000000099 /* LoanSummaryTests.swift */ = {isa = PBXFileReference; lastKnownFileType = sourcecode.swift; path = LoanSummaryTests.swift; sourceTree = "<group>"; };
		BB0001000000000000000100 /* LoanFormInputTests.swift */ = {isa = PBXFileReference; lastKnownFileType = sourcecode.swift; path = LoanFormInputTests.swift; sourceTree = "<group>"; };
		BB0001010000000000000101 /* DashboardListItemTests.swift */ = {isa = PBXFileReference; lastKnownFileType = sourcecode.swift; path = DashboardListItemTests.swift; sourceTree = "<group>"; };
		BB0001020000000000000102 /* LoanRow.swift */ = {isa = PBXFileReference; lastKnownFileType = sourcecode.swift; path = LoanRow.swift; sourceTree = "<group>"; };
		BB0001030000000000000103 /* LoanFormView.swift */ = {isa = PBXFileReference; lastKnownFileType = sourcecode.swift; path = LoanFormView.swift; sourceTree = "<group>"; };
		BB0001040000000000000104 /* LoanFormView+Sections.swift */ = {isa = PBXFileReference; lastKnownFileType = sourcecode.swift; path = "LoanFormView+Sections.swift"; sourceTree = "<group>"; };
		BB0001050000000000000105 /* LoanFormView+Save.swift */ = {isa = PBXFileReference; lastKnownFileType = sourcecode.swift; path = "LoanFormView+Save.swift"; sourceTree = "<group>"; };
		BB0001060000000000000106 /* LoanDetailView.swift */ = {isa = PBXFileReference; lastKnownFileType = sourcecode.swift; path = LoanDetailView.swift; sourceTree = "<group>"; };
		BB0001070000000000000107 /* LoanScheduleView.swift */ = {isa = PBXFileReference; lastKnownFileType = sourcecode.swift; path = LoanScheduleView.swift; sourceTree = "<group>"; };
		BB0001080000000000000108 /* LoanHistoryView.swift */ = {isa = PBXFileReference; lastKnownFileType = sourcecode.swift; path = LoanHistoryView.swift; sourceTree = "<group>"; };
		BB0001090000000000000109 /* LoanPaymentEditorView.swift */ = {isa = PBXFileReference; lastKnownFileType = sourcecode.swift; path = LoanPaymentEditorView.swift; sourceTree = "<group>"; };
		BB0001100000000000000110 /* LoanSimulator.swift */ = {isa = PBXFileReference; lastKnownFileType = sourcecode.swift; path = LoanSimulator.swift; sourceTree = "<group>"; };
		BB0001110000000000000111 /* LoanSimulationAccess.swift */ = {isa = PBXFileReference; lastKnownFileType = sourcecode.swift; path = LoanSimulationAccess.swift; sourceTree = "<group>"; };
		BB0001120000000000000112 /* LoanSimulationResultSection.swift */ = {isa = PBXFileReference; lastKnownFileType = sourcecode.swift; path = LoanSimulationResultSection.swift; sourceTree = "<group>"; };
		BB0001130000000000000113 /* LoanPrepaymentSimulationView.swift */ = {isa = PBXFileReference; lastKnownFileType = sourcecode.swift; path = LoanPrepaymentSimulationView.swift; sourceTree = "<group>"; };
		BB0001140000000000000114 /* LoanRateChangeSimulationView.swift */ = {isa = PBXFileReference; lastKnownFileType = sourcecode.swift; path = LoanRateChangeSimulationView.swift; sourceTree = "<group>"; };
		BB0001150000000000000115 /* LoanBorrowingSimulatorView.swift */ = {isa = PBXFileReference; lastKnownFileType = sourcecode.swift; path = LoanBorrowingSimulatorView.swift; sourceTree = "<group>"; };
		BB0001160000000000000116 /* LoanSimulatorTests.swift */ = {isa = PBXFileReference; lastKnownFileType = sourcecode.swift; path = LoanSimulatorTests.swift; sourceTree = "<group>"; };
		BB0001170000000000000117 /* ReportCalculatorLoanTests.swift */ = {isa = PBXFileReference; lastKnownFileType = sourcecode.swift; path = ReportCalculatorLoanTests.swift; sourceTree = "<group>"; };
		BB0001180000000000000118 /* SubscriptionFilterEmptyStateTests.swift */ = {isa = PBXFileReference; lastKnownFileType = sourcecode.swift; path = SubscriptionFilterEmptyStateTests.swift; sourceTree = "<group>"; };
		BB0001190000000000000119 /* ReportCalculatorPausedTests.swift */ = {isa = PBXFileReference; lastKnownFileType = sourcecode.swift; path = ReportCalculatorPausedTests.swift; sourceTree = "<group>"; };
		BB0001200000000000000120 /* LoanDueDateTests.swift */ = {isa = PBXFileReference; lastKnownFileType = sourcecode.swift; path = LoanDueDateTests.swift; sourceTree = "<group>"; };
		BB0001210000000000000121 /* LoanNotificationSettings.swift */ = {isa = PBXFileReference; lastKnownFileType = sourcecode.swift; path = LoanNotificationSettings.swift; sourceTree = "<group>"; };
		BB0001220000000000000122 /* LoanNotificationLeadTests.swift */ = {isa = PBXFileReference; lastKnownFileType = sourcecode.swift; path = LoanNotificationLeadTests.swift; sourceTree = "<group>"; };
		BB00011230000000000000123 /* LoanPauseTests.swift */ = {isa = PBXFileReference; lastKnownFileType = sourcecode.swift; path = LoanPauseTests.swift; sourceTree = "<group>"; };
		BB00011240000000000000124 /* YearlyBillingTests.swift */ = {isa = PBXFileReference; lastKnownFileType = sourcecode.swift; path = YearlyBillingTests.swift; sourceTree = "<group>"; };
		BB00011280000000000000128 /* ServiceCatalogTests.swift */ = {isa = PBXFileReference; lastKnownFileType = sourcecode.swift; path = ServiceCatalogTests.swift; sourceTree = "<group>"; };
		BB00011300000000000000130 /* UpcomingLargeChargeTests.swift */ = {isa = PBXFileReference; lastKnownFileType = sourcecode.swift; path = UpcomingLargeChargeTests.swift; sourceTree = "<group>"; };
		BB00011320000000000000132 /* CatMoodTests.swift */ = {isa = PBXFileReference; lastKnownFileType = sourcecode.swift; path = CatMoodTests.swift; sourceTree = "<group>"; };
		BB00011380000000000000138 /* CatMoodContextTests.swift */ = {isa = PBXFileReference; lastKnownFileType = sourcecode.swift; path = CatMoodContextTests.swift; sourceTree = "<group>"; };
		BB00011410000000000000141 /* HarmonizedColorTests.swift */ = {isa = PBXFileReference; lastKnownFileType = sourcecode.swift; path = HarmonizedColorTests.swift; sourceTree = "<group>"; };
/* End PBXFileReference section */

/* Begin PBXFrameworksBuildPhase section */
		FF0000010000000000000001 /* Frameworks */ = {
			isa = PBXFrameworksBuildPhase;
			buildActionMask = 2147483647;
			files = (
			);
			runOnlyForDeploymentPostprocessing = 0;
		};
		FF0000020000000000000002 /* Frameworks */ = {
			isa = PBXFrameworksBuildPhase;
			buildActionMask = 2147483647;
			files = (
			);
			runOnlyForDeploymentPostprocessing = 0;
		};
		FF0000030000000000000003 /* Frameworks */ = {
			isa = PBXFrameworksBuildPhase;
			buildActionMask = 2147483647;
			files = (
			);
			runOnlyForDeploymentPostprocessing = 0;
		};
/* End PBXFrameworksBuildPhase section */

/* Begin PBXGroup section */
		DD0000020000000000000002 = {
			isa = PBXGroup;
			children = (
				DD0000030000000000000003 /* Subsc */,
				DD0000100000000000000010 /* SubscTests */,
				DD0000130000000000000013 /* SubscUITests */,
				DD0000110000000000000011 /* Products */,
			);
			sourceTree = "<group>";
		};
		DD0000030000000000000003 /* Subsc */ = {
			isa = PBXGroup;
			children = (
				DD0000040000000000000004 /* App */,
				DD0000050000000000000005 /* Models */,
				DD0000220000000000000022 /* Design */,
				DD0000060000000000000006 /* Services */,
				DD0000070000000000000007 /* Features */,
				BB0000130000000000000013 /* Assets.xcassets */,
				BB0000150000000000000015 /* Subsc.entitlements */,
				BB0000160000000000000016 /* Info.plist */,
				BB0000170000000000000017 /* PrivacyInfo.xcprivacy */,
			);
			path = Subsc;
			sourceTree = "<group>";
		};
		DD0000040000000000000004 /* App */ = {
			isa = PBXGroup;
			children = (
				BB0000010000000000000001 /* SubscApp.swift */,
				BB0000020000000000000002 /* RootView.swift */,
				BB0000220000000000000022 /* StorageMode.swift */,
			);
			path = App;
			sourceTree = "<group>";
		};
		DD0000220000000000000022 /* Design */ = {
			isa = PBXGroup;
			children = (
				BB00011340000000000000134 /* BlackCatPalette.swift */,
				BB00011400000000000000140 /* BlackCatType.swift */,
				BB00011350000000000000135 /* CatArt.swift */,
				BB00011360000000000000136 /* CatCompanionView.swift */,
			);
			path = Design;
			sourceTree = "<group>";
		};
		DD0000050000000000000005 /* Models */ = {
			isa = PBXGroup;
			children = (
				BB0001210000000000000121 /* LoanNotificationSettings.swift */,
				BB0000030000000000000003 /* Subscription.swift */,
				BB0000240000000000000024 /* ColorHex.swift */,
				BB0000600000000000000060 /* ThemeColorPreset.swift */,
				BB0000610000000000000061 /* ThemeColor.swift */,
				BB0000620000000000000062 /* ThemeStore.swift */,
				BB0000700000000000000070 /* ReportChartStyle.swift */,
				BB0000510000000000000051 /* MonthlyAmount.swift */,
				BB0000470000000000000047 /* AmountEntry.swift */,
				BB0000460000000000000046 /* PaymentMethod.swift */,
				BB0000450000000000000045 /* CostType.swift */,
				BB0000880000000000000088 /* Loan.swift */,
				BB0000890000000000000089 /* LoanPayment.swift */,
				BB0000840000000000000084 /* LoanTerms.swift */,
				BB0000850000000000000085 /* LoanSchedule.swift */,
			);
			path = Models;
			sourceTree = "<group>";
		};
		DD0000060000000000000006 /* Services */ = {
			isa = PBXGroup;
			children = (
				BB0000040000000000000004 /* NotificationService.swift */,
				BB0000140000000000000014 /* ExchangeRateService.swift */,
				BB0000570000000000000057 /* ReminderPlanner.swift */,
				BB0000560000000000000056 /* NotificationIdentifier.swift */,
				BB0000520000000000000052 /* AmountEntryStore.swift */,
				BB0000910000000000000091 /* LoanPaymentStore.swift */,
			);
			path = Services;
			sourceTree = "<group>";
		};
		DD0000200000000000000020 /* Loans */ = {
			isa = PBXGroup;
			children = (
				BB0001090000000000000109 /* LoanPaymentEditorView.swift */,
				BB0001080000000000000108 /* LoanHistoryView.swift */,
				BB0001070000000000000107 /* LoanScheduleView.swift */,
				BB0001060000000000000106 /* LoanDetailView.swift */,
				BB0001050000000000000105 /* LoanFormView+Save.swift */,
				BB0001040000000000000104 /* LoanFormView+Sections.swift */,
				BB0001030000000000000103 /* LoanFormView.swift */,
				BB0001020000000000000102 /* LoanRow.swift */,
				BB000097000000000000097 /* LoanFormInput.swift */,
				BB000096000000000000096 /* LoanSummary.swift */,
				BB0000860000000000000086 /* LoanScheduleCalculator.swift */,
				BB0000930000000000000093 /* LoanNotificationPlanner.swift */,
				BB0000950000000000000095 /* LoanNotificationResponder.swift */,
			);
			path = Loans;
			sourceTree = "<group>";
		};
		DD0000210000000000000021 /* LoanSimulations */ = {
			isa = PBXGroup;
			children = (
				BB0001150000000000000115 /* LoanBorrowingSimulatorView.swift */,
				BB0001140000000000000114 /* LoanRateChangeSimulationView.swift */,
				BB0001130000000000000113 /* LoanPrepaymentSimulationView.swift */,
				BB0001120000000000000112 /* LoanSimulationResultSection.swift */,
				BB0001110000000000000111 /* LoanSimulationAccess.swift */,
				BB0001100000000000000110 /* LoanSimulator.swift */,
			);
			path = LoanSimulations;
			sourceTree = "<group>";
		};
		DD0000070000000000000007 /* Features */ = {
			isa = PBXGroup;
			children = (
				DD0000080000000000000008 /* Dashboard */,
				DD0000090000000000000009 /* Subscriptions */,
				DD0000120000000000000012 /* Settings */,
				DD0000200000000000000020 /* Loans */,
				DD0000210000000000000021 /* LoanSimulations */,
			);
			path = Features;
			sourceTree = "<group>";
		};
		DD0000080000000000000008 /* Dashboard */ = {
			isa = PBXGroup;
			children = (
				BB000098000000000000098 /* DashboardListItem.swift */,
				BB0000050000000000000005 /* ReportCalculator.swift */,
				BB00011290000000000000129 /* UpcomingLargeCharge.swift */,
				BB00011330000000000000133 /* CatMood.swift */,
				BB00011370000000000000137 /* CatMoodContext.swift */,
				BB00011390000000000000139 /* CatCompanionRow.swift */,
				BB00011420000000000000142 /* MonthProgress.swift */,
				BB00011430000000000000143 /* UpcomingTimeline.swift */,
				BB00011310000000000000131 /* UpcomingChargeSection.swift */,
				BB0000660000000000000066 /* CostTypeBreakdown.swift */,
				BB0000670000000000000067 /* BubbleLayout.swift */,
				BB0000710000000000000071 /* ReportChartPalette.swift */,
				BB0000720000000000000072 /* StackedBarChart.swift */,
				BB0000730000000000000073 /* ConcentricRingChart.swift */,
				BB0000810000000000000081 /* BubbleChart.swift */,
				BB0000820000000000000082 /* ColumnChart.swift */,
				BB0000060000000000000006 /* DashboardView.swift */,
				BB0000070000000000000007 /* ReportCard.swift */,
				BB0000290000000000000029 /* ReportPager.swift */,
				BB0000300000000000000030 /* ReportPage.swift */,
				BB0000310000000000000031 /* GlassBarChart.swift */,
				BB0000320000000000000032 /* ReportBreakdownSheet.swift */,
				BB0000280000000000000028 /* ReportGlassStyle.swift */,
				BB0000330000000000000033 /* DashboardSearchFilter.swift */,
				BB0000340000000000000034 /* DashboardEmptyState.swift */,
				BB0000350000000000000035 /* SubscriptionRow.swift */,
			);
			path = Dashboard;
			sourceTree = "<group>";
		};
		DD0000090000000000000009 /* Subscriptions */ = {
			isa = PBXGroup;
			children = (
				BB0000080000000000000008 /* SubscriptionFormView.swift */,
				BB0000550000000000000055 /* AmountHistorySection.swift */,
				BB0000540000000000000054 /* AmountEntryEditorView.swift */,
				BB0000370000000000000037 /* SubscriptionFormView+FormSections.swift */,
				BB0000380000000000000038 /* SubscriptionFormView+CategoryColor.swift */,
				BB0000390000000000000039 /* SubscriptionFormView+Draft.swift */,
				BB0000400000000000000040 /* SubscriptionFormView+Save.swift */,
				BB0000410000000000000041 /* SubscriptionFormView+ExchangeRate.swift */,
				BB0000420000000000000042 /* NotificationTimingView.swift */,
				BB0000250000000000000025 /* CategoryCatalog.swift */,
				BB00011270000000000000127 /* ServicePickerView.swift */,
				BB00011260000000000000126 /* ServiceCatalogEntries.swift */,
				BB00011250000000000000125 /* ServiceCatalog.swift */,
				BB0000360000000000000036 /* SubscriptionDetailView.swift */,
			);
			path = Subscriptions;
			sourceTree = "<group>";
		};
		DD0000100000000000000010 /* SubscTests */ = {
			isa = PBXGroup;
			children = (
				BB0001220000000000000122 /* LoanNotificationLeadTests.swift */,
				BB00011230000000000000123 /* LoanPauseTests.swift */,
				BB00011240000000000000124 /* YearlyBillingTests.swift */,
				BB00011280000000000000128 /* ServiceCatalogTests.swift */,
				BB00011300000000000000130 /* UpcomingLargeChargeTests.swift */,
				BB00011320000000000000132 /* CatMoodTests.swift */,
				BB00011380000000000000138 /* CatMoodContextTests.swift */,
				BB00011410000000000000141 /* HarmonizedColorTests.swift */,
				BB0001200000000000000120 /* LoanDueDateTests.swift */,
				BB0001190000000000000119 /* ReportCalculatorPausedTests.swift */,
				BB0001180000000000000118 /* SubscriptionFilterEmptyStateTests.swift */,
				BB0001170000000000000117 /* ReportCalculatorLoanTests.swift */,
				BB0001160000000000000116 /* LoanSimulatorTests.swift */,
				BB0001010000000000000101 /* DashboardListItemTests.swift */,
				BB0001000000000000000100 /* LoanFormInputTests.swift */,
				BB000099000000000000099 /* LoanSummaryTests.swift */,
				BB0000100000000000000010 /* ReportCalculatorTests.swift */,
				BB0000680000000000000068 /* CostTypeBreakdownTests.swift */,
				BB0000690000000000000069 /* BubbleLayoutTests.swift */,
				BB0000740000000000000074 /* ReportChartPaletteTests.swift */,
				BB0000830000000000000083 /* ReportChartGeometryTests.swift */,
				BB0000190000000000000019 /* NotificationPlannerTests.swift */,
				BB0000230000000000000023 /* StorageModeTests.swift */,
				BB0000210000000000000021 /* ExchangeRateServiceTests.swift */,
				BB0000260000000000000026 /* ColorHexTests.swift */,
				BB0000270000000000000027 /* CategoryCatalogTests.swift */,
				BB0000580000000000000058 /* NotificationReminderTests.swift */,
				BB0000590000000000000059 /* ThemeColorTests.swift */,
				BB0000630000000000000063 /* ThemeStoreTests.swift */,
				BB0000530000000000000053 /* AmountEntryStoreTests.swift */,
				BB0000500000000000000050 /* ReportCalculatorVariableAmountTests.swift */,
				BB0000490000000000000049 /* MonthlyAmountTests.swift */,
				BB0000480000000000000048 /* CostTypeTests.swift */,
				BB0000440000000000000044 /* NotificationPermissionTests.swift */,
				BB0000940000000000000094 /* LoanNotificationTests.swift */,
				BB0000920000000000000092 /* LoanPaymentStoreTests.swift */,
				BB0000900000000000000090 /* LoanModelTests.swift */,
				BB0000870000000000000087 /* LoanScheduleCalculatorTests.swift */,
			);
			path = SubscTests;
			sourceTree = "<group>";
		};
		DD0000110000000000000011 /* Products */ = {
			isa = PBXGroup;
			children = (
				BB0000110000000000000011 /* Subsc.app */,
				BB0000120000000000000012 /* SubscTests.xctest */,
				BB0000180000000000000018 /* SubscUITests.xctest */,
			);
			name = Products;
			sourceTree = "<group>";
		};
		DD0000120000000000000012 /* Settings */ = {
			isa = PBXGroup;
			children = (
				BB0000090000000000000009 /* SettingsView.swift */,
				BB0000640000000000000064 /* ThemeColorPickerView.swift */,
				BB0000800000000000000080 /* ReportChartStylePickerView.swift */,
				BB0000430000000000000043 /* NotificationPermission.swift */,
			);
			path = Settings;
			sourceTree = "<group>";
		};
		DD0000130000000000000013 /* SubscUITests */ = {
			isa = PBXGroup;
			children = (
				BB0000200000000000000020 /* SubscUITests.swift */,
			);
			path = SubscUITests;
			sourceTree = "<group>";
		};
/* End PBXGroup section */

/* Begin PBXNativeTarget section */
		EE0000010000000000000001 /* Subsc */ = {
			isa = PBXNativeTarget;
			buildConfigurationList = 110000010000000000000001 /* Build configuration list for PBXNativeTarget "Subsc" */;
			buildPhases = (
				120000010000000000000001 /* Sources */,
				FF0000010000000000000001 /* Frameworks */,
				130000010000000000000001 /* Resources */,
			);
			buildRules = (
			);
			dependencies = (
			);
			name = Subsc;
			productName = Subsc;
			productReference = BB0000110000000000000011 /* Subsc.app */;
			productType = "com.apple.product-type.application";
		};
		EE0000020000000000000002 /* SubscTests */ = {
			isa = PBXNativeTarget;
			buildConfigurationList = 110000020000000000000002 /* Build configuration list for PBXNativeTarget "SubscTests" */;
			buildPhases = (
				120000020000000000000002 /* Sources */,
				FF0000020000000000000002 /* Frameworks */,
				130000020000000000000002 /* Resources */,
			);
			buildRules = (
			);
			dependencies = (
				140000010000000000000001 /* PBXTargetDependency */,
			);
			name = SubscTests;
			productName = SubscTests;
			productReference = BB0000120000000000000012 /* SubscTests.xctest */;
			productType = "com.apple.product-type.bundle.unit-test";
		};
		EE0000030000000000000003 /* SubscUITests */ = {
			isa = PBXNativeTarget;
			buildConfigurationList = 110000040000000000000004 /* Build configuration list for PBXNativeTarget "SubscUITests" */;
			buildPhases = (
				120000030000000000000003 /* Sources */,
				FF0000030000000000000003 /* Frameworks */,
				130000030000000000000003 /* Resources */,
			);
			buildRules = (
			);
			dependencies = (
				140000020000000000000002 /* PBXTargetDependency */,
			);
			name = SubscUITests;
			productName = SubscUITests;
			productReference = BB0000180000000000000018 /* SubscUITests.xctest */;
			productType = "com.apple.product-type.bundle.ui-testing";
		};
/* End PBXNativeTarget section */

/* Begin PBXProject section */
		DD0000010000000000000001 /* Project object */ = {
			isa = PBXProject;
			attributes = {
				BuildIndependentTargetsInParallel = 1;
				LastSwiftUpdateCheck = 2660;
				LastUpgradeCheck = 2660;
				TargetAttributes = {
					EE0000010000000000000001 = {
						CreatedOnToolsVersion = 26.6;
						SystemCapabilities = {
							com.apple.BackgroundModes = {
								enabled = 1;
							};
							com.apple.Push = {
								enabled = 1;
							};
							com.apple.iCloud = {
								enabled = 1;
							};
						};
					};
					EE0000020000000000000002 = {
						CreatedOnToolsVersion = 26.6;
						TestTargetID = EE0000010000000000000001;
					};
					EE0000030000000000000003 = {
						CreatedOnToolsVersion = 26.6;
						TestTargetID = EE0000010000000000000001;
					};
				};
			};
			buildConfigurationList = 110000030000000000000003 /* Build configuration list for PBXProject "Subsc" */;
			compatibilityVersion = "Xcode 15.0";
			developmentRegion = ja;
			hasScannedForEncodings = 0;
			knownRegions = (
				ja,
				Base,
			);
			mainGroup = DD0000020000000000000002;
			productRefGroup = DD0000110000000000000011 /* Products */;
			projectDirPath = "";
			projectRoot = "";
			targets = (
				EE0000010000000000000001 /* Subsc */,
				EE0000020000000000000002 /* SubscTests */,
				EE0000030000000000000003 /* SubscUITests */,
			);
		};
/* End PBXProject section */

/* Begin PBXResourcesBuildPhase section */
		130000010000000000000001 /* Resources */ = {
			isa = PBXResourcesBuildPhase;
			buildActionMask = 2147483647;
			files = (
				AA0000110000000000000011 /* Assets.xcassets in Resources */,
				AA0000130000000000000013 /* PrivacyInfo.xcprivacy in Resources */,
			);
			runOnlyForDeploymentPostprocessing = 0;
		};
		130000020000000000000002 /* Resources */ = {
			isa = PBXResourcesBuildPhase;
			buildActionMask = 2147483647;
			files = (
			);
			runOnlyForDeploymentPostprocessing = 0;
		};
		130000030000000000000003 /* Resources */ = {
			isa = PBXResourcesBuildPhase;
			buildActionMask = 2147483647;
			files = (
			);
			runOnlyForDeploymentPostprocessing = 0;
		};
/* End PBXResourcesBuildPhase section */

/* Begin PBXSourcesBuildPhase section */
		120000010000000000000001 /* Sources */ = {
			isa = PBXSourcesBuildPhase;
			buildActionMask = 2147483647;
			files = (
				AA0001210000000000000121 /* LoanNotificationSettings.swift in Sources */,
				AA0001150000000000000115 /* LoanBorrowingSimulatorView.swift in Sources */,
				AA0001140000000000000114 /* LoanRateChangeSimulationView.swift in Sources */,
				AA0001130000000000000113 /* LoanPrepaymentSimulationView.swift in Sources */,
				AA0001120000000000000112 /* LoanSimulationResultSection.swift in Sources */,
				AA0001110000000000000111 /* LoanSimulationAccess.swift in Sources */,
				AA0001100000000000000110 /* LoanSimulator.swift in Sources */,
				AA0001090000000000000109 /* LoanPaymentEditorView.swift in Sources */,
				AA0001080000000000000108 /* LoanHistoryView.swift in Sources */,
				AA0001070000000000000107 /* LoanScheduleView.swift in Sources */,
				AA0001060000000000000106 /* LoanDetailView.swift in Sources */,
				AA0001050000000000000105 /* LoanFormView+Save.swift in Sources */,
				AA0001040000000000000104 /* LoanFormView+Sections.swift in Sources */,
				AA0001030000000000000103 /* LoanFormView.swift in Sources */,
				AA0001020000000000000102 /* LoanRow.swift in Sources */,
				AA000098000000000000098 /* DashboardListItem.swift in Sources */,
				AA000097000000000000097 /* LoanFormInput.swift in Sources */,
				AA000096000000000000096 /* LoanSummary.swift in Sources */,
				AA0000010000000000000001 /* SubscApp.swift in Sources */,
				AA0000020000000000000002 /* RootView.swift in Sources */,
				AA0000170000000000000017 /* StorageMode.swift in Sources */,
				AA0000030000000000000003 /* Subscription.swift in Sources */,
				AA0000240000000000000024 /* ColorHex.swift in Sources */,
				AA0000600000000000000060 /* ThemeColorPreset.swift in Sources */,
				AA0000610000000000000061 /* ThemeColor.swift in Sources */,
				AA0000620000000000000062 /* ThemeStore.swift in Sources */,
				AA0000700000000000000070 /* ReportChartStyle.swift in Sources */,
				AA0000510000000000000051 /* MonthlyAmount.swift in Sources */,
				AA0000470000000000000047 /* AmountEntry.swift in Sources */,
				AA0000460000000000000046 /* PaymentMethod.swift in Sources */,
				AA0000450000000000000045 /* CostType.swift in Sources */,
				AA0000950000000000000095 /* LoanNotificationResponder.swift in Sources */,
				AA0000930000000000000093 /* LoanNotificationPlanner.swift in Sources */,
				AA0000910000000000000091 /* LoanPaymentStore.swift in Sources */,
				AA0000880000000000000088 /* Loan.swift in Sources */,
				AA0000890000000000000089 /* LoanPayment.swift in Sources */,
				AA0000840000000000000084 /* LoanTerms.swift in Sources */,
				AA0000850000000000000085 /* LoanSchedule.swift in Sources */,
				AA0000860000000000000086 /* LoanScheduleCalculator.swift in Sources */,
				AA0000250000000000000025 /* CategoryCatalog.swift in Sources */,
				AA00011270000000000000127 /* ServicePickerView.swift in Sources */,
				AA00011260000000000000126 /* ServiceCatalogEntries.swift in Sources */,
				AA00011250000000000000125 /* ServiceCatalog.swift in Sources */,
				AA00011290000000000000129 /* UpcomingLargeCharge.swift in Sources */,
				AA00011330000000000000133 /* CatMood.swift in Sources */,
				AA00011370000000000000137 /* CatMoodContext.swift in Sources */,
				AA00011390000000000000139 /* CatCompanionRow.swift in Sources */,
				AA00011420000000000000142 /* MonthProgress.swift in Sources */,
				AA00011430000000000000143 /* UpcomingTimeline.swift in Sources */,
				AA00011340000000000000134 /* BlackCatPalette.swift in Sources */,
				AA00011400000000000000140 /* BlackCatType.swift in Sources */,
				AA00011350000000000000135 /* CatArt.swift in Sources */,
				AA00011360000000000000136 /* CatCompanionView.swift in Sources */,
				AA00011310000000000000131 /* UpcomingChargeSection.swift in Sources */,
				AA0000040000000000000004 /* NotificationService.swift in Sources */,
				AA0000050000000000000005 /* ReportCalculator.swift in Sources */,
				AA0000660000000000000066 /* CostTypeBreakdown.swift in Sources */,
				AA0000670000000000000067 /* BubbleLayout.swift in Sources */,
				AA0000710000000000000071 /* ReportChartPalette.swift in Sources */,
				AA0000720000000000000072 /* StackedBarChart.swift in Sources */,
				AA0000730000000000000073 /* ConcentricRingChart.swift in Sources */,
				AA0000810000000000000081 /* BubbleChart.swift in Sources */,
				AA0000820000000000000082 /* ColumnChart.swift in Sources */,
				AA0000060000000000000006 /* DashboardView.swift in Sources */,
				AA0000070000000000000007 /* ReportCard.swift in Sources */,
				AA0000290000000000000029 /* ReportPager.swift in Sources */,
				AA0000300000000000000030 /* ReportPage.swift in Sources */,
				AA0000310000000000000031 /* GlassBarChart.swift in Sources */,
				AA0000320000000000000032 /* ReportBreakdownSheet.swift in Sources */,
				AA0000280000000000000028 /* ReportGlassStyle.swift in Sources */,
				AA0000330000000000000033 /* DashboardSearchFilter.swift in Sources */,
				AA0000340000000000000034 /* DashboardEmptyState.swift in Sources */,
				AA0000350000000000000035 /* SubscriptionRow.swift in Sources */,
				AA0000360000000000000036 /* SubscriptionDetailView.swift in Sources */,
				AA0000080000000000000008 /* SubscriptionFormView.swift in Sources */,
				AA0000550000000000000055 /* AmountHistorySection.swift in Sources */,
				AA0000540000000000000054 /* AmountEntryEditorView.swift in Sources */,
				AA0000370000000000000037 /* SubscriptionFormView+FormSections.swift in Sources */,
				AA0000380000000000000038 /* SubscriptionFormView+CategoryColor.swift in Sources */,
				AA0000390000000000000039 /* SubscriptionFormView+Draft.swift in Sources */,
				AA0000400000000000000040 /* SubscriptionFormView+Save.swift in Sources */,
				AA0000410000000000000041 /* SubscriptionFormView+ExchangeRate.swift in Sources */,
				AA0000420000000000000042 /* NotificationTimingView.swift in Sources */,
				AA0000090000000000000009 /* SettingsView.swift in Sources */,
				AA0000640000000000000064 /* ThemeColorPickerView.swift in Sources */,
				AA0000800000000000000080 /* ReportChartStylePickerView.swift in Sources */,
				AA0000430000000000000043 /* NotificationPermission.swift in Sources */,
				AA0000120000000000000012 /* ExchangeRateService.swift in Sources */,
				AA0000570000000000000057 /* ReminderPlanner.swift in Sources */,
				AA0000560000000000000056 /* NotificationIdentifier.swift in Sources */,
				AA0000520000000000000052 /* AmountEntryStore.swift in Sources */,
			);
			runOnlyForDeploymentPostprocessing = 0;
		};
		120000020000000000000002 /* Sources */ = {
			isa = PBXSourcesBuildPhase;
			buildActionMask = 2147483647;
			files = (
				AA0001220000000000000122 /* LoanNotificationLeadTests.swift in Sources */,
				AA00011230000000000000123 /* LoanPauseTests.swift in Sources */,
				AA00011240000000000000124 /* YearlyBillingTests.swift in Sources */,
				AA00011280000000000000128 /* ServiceCatalogTests.swift in Sources */,
				AA00011300000000000000130 /* UpcomingLargeChargeTests.swift in Sources */,
				AA00011320000000000000132 /* CatMoodTests.swift in Sources */,
				AA00011380000000000000138 /* CatMoodContextTests.swift in Sources */,
				AA00011410000000000000141 /* HarmonizedColorTests.swift in Sources */,
				AA0001200000000000000120 /* LoanDueDateTests.swift in Sources */,
				AA0001190000000000000119 /* ReportCalculatorPausedTests.swift in Sources */,
				AA0001180000000000000118 /* SubscriptionFilterEmptyStateTests.swift in Sources */,
				AA0001170000000000000117 /* ReportCalculatorLoanTests.swift in Sources */,
				AA0001160000000000000116 /* LoanSimulatorTests.swift in Sources */,
				AA0001010000000000000101 /* DashboardListItemTests.swift in Sources */,
				AA0001000000000000000100 /* LoanFormInputTests.swift in Sources */,
				AA000099000000000000099 /* LoanSummaryTests.swift in Sources */,
				AA0000100000000000000010 /* ReportCalculatorTests.swift in Sources */,
				AA0000680000000000000068 /* CostTypeBreakdownTests.swift in Sources */,
				AA0000690000000000000069 /* BubbleLayoutTests.swift in Sources */,
				AA0000740000000000000074 /* ReportChartPaletteTests.swift in Sources */,
				AA0000830000000000000083 /* ReportChartGeometryTests.swift in Sources */,
				AA0000140000000000000014 /* NotificationPlannerTests.swift in Sources */,
				AA0000180000000000000018 /* StorageModeTests.swift in Sources */,
				AA0000160000000000000016 /* ExchangeRateServiceTests.swift in Sources */,
				AA0000260000000000000026 /* ColorHexTests.swift in Sources */,
				AA0000270000000000000027 /* CategoryCatalogTests.swift in Sources */,
				AA0000580000000000000058 /* NotificationReminderTests.swift in Sources */,
				AA0000590000000000000059 /* ThemeColorTests.swift in Sources */,
				AA0000630000000000000063 /* ThemeStoreTests.swift in Sources */,
				AA0000530000000000000053 /* AmountEntryStoreTests.swift in Sources */,
				AA0000500000000000000050 /* ReportCalculatorVariableAmountTests.swift in Sources */,
				AA0000490000000000000049 /* MonthlyAmountTests.swift in Sources */,
				AA0000480000000000000048 /* CostTypeTests.swift in Sources */,
				AA0000440000000000000044 /* NotificationPermissionTests.swift in Sources */,
				AA0000940000000000000094 /* LoanNotificationTests.swift in Sources */,
				AA0000920000000000000092 /* LoanPaymentStoreTests.swift in Sources */,
				AA0000900000000000000090 /* LoanModelTests.swift in Sources */,
				AA0000870000000000000087 /* LoanScheduleCalculatorTests.swift in Sources */,
			);
			runOnlyForDeploymentPostprocessing = 0;
		};
		120000030000000000000003 /* Sources */ = {
			isa = PBXSourcesBuildPhase;
			buildActionMask = 2147483647;
			files = (
				AA0000150000000000000015 /* SubscUITests.swift in Sources */,
			);
			runOnlyForDeploymentPostprocessing = 0;
		};
/* End PBXSourcesBuildPhase section */

/* Begin PBXTargetDependency section */
		140000010000000000000001 /* PBXTargetDependency */ = {
			isa = PBXTargetDependency;
			target = EE0000010000000000000001 /* Subsc */;
			targetProxy = CC0000010000000000000001 /* PBXContainerItemProxy */;
		};
		140000020000000000000002 /* PBXTargetDependency */ = {
			isa = PBXTargetDependency;
			target = EE0000010000000000000001 /* Subsc */;
			targetProxy = CC0000020000000000000002 /* PBXContainerItemProxy */;
		};
/* End PBXTargetDependency section */

/* Begin XCBuildConfiguration section */
		150000010000000000000001 /* Debug */ = {
			isa = XCBuildConfiguration;
			buildSettings = {
				ASSETCATALOG_COMPILER_APPICON_NAME = AppIcon;
				ASSETCATALOG_COMPILER_GLOBAL_ACCENT_COLOR_NAME = AccentColor;
				ASSETCATALOG_COMPILER_GENERATE_SWIFT_ASSET_SYMBOL_EXTENSIONS = YES;
				CODE_SIGN_ENTITLEMENTS = Subsc/Subsc.entitlements;
				CODE_SIGN_STYLE = Automatic;
				CURRENT_PROJECT_VERSION = 10;
				DEVELOPMENT_ASSET_PATHS = "";
				DEVELOPMENT_TEAM = 2ZR6Z7NP8H;
				ENABLE_PREVIEWS = YES;
				GENERATE_INFOPLIST_FILE = YES;
				INFOPLIST_FILE = Subsc/Info.plist;
				INFOPLIST_KEY_CFBundleDisplayName = Subsc;
				INFOPLIST_KEY_LSApplicationCategoryType = "public.app-category.finance";
				INFOPLIST_KEY_UIApplicationSceneManifest_Generation = YES;
				INFOPLIST_KEY_UIApplicationSupportsIndirectInputEvents = YES;
				INFOPLIST_KEY_UILaunchScreen_Generation = YES;
				INFOPLIST_KEY_UIStatusBarStyle = UIStatusBarStyleDefault;
				IPHONEOS_DEPLOYMENT_TARGET = 17.0;
				LD_RUNPATH_SEARCH_PATHS = (
					"$(inherited)",
					"@executable_path/Frameworks",
				);
				MARKETING_VERSION = 1.0.0;
				PRODUCT_BUNDLE_IDENTIFIER = com.tonaria.subsc;
				PRODUCT_NAME = "$(TARGET_NAME)";
				SUPPORTED_PLATFORMS = "iphoneos iphonesimulator";
				SUPPORTS_MACCATALYST = NO;
				SWIFT_EMIT_LOC_STRINGS = YES;
				SWIFT_VERSION = 6.0;
				TARGETED_DEVICE_FAMILY = 1;
			};
			name = Debug;
		};
		150000020000000000000002 /* Release */ = {
			isa = XCBuildConfiguration;
			buildSettings = {
				ASSETCATALOG_COMPILER_APPICON_NAME = AppIcon;
				ASSETCATALOG_COMPILER_GLOBAL_ACCENT_COLOR_NAME = AccentColor;
				ASSETCATALOG_COMPILER_GENERATE_SWIFT_ASSET_SYMBOL_EXTENSIONS = YES;
				CODE_SIGN_ENTITLEMENTS = Subsc/Subsc.entitlements;
				CODE_SIGN_STYLE = Automatic;
				CURRENT_PROJECT_VERSION = 10;
				DEVELOPMENT_ASSET_PATHS = "";
				DEVELOPMENT_TEAM = 2ZR6Z7NP8H;
				ENABLE_PREVIEWS = YES;
				GENERATE_INFOPLIST_FILE = YES;
				INFOPLIST_FILE = Subsc/Info.plist;
				INFOPLIST_KEY_CFBundleDisplayName = Subsc;
				INFOPLIST_KEY_LSApplicationCategoryType = "public.app-category.finance";
				INFOPLIST_KEY_UIApplicationSceneManifest_Generation = YES;
				INFOPLIST_KEY_UIApplicationSupportsIndirectInputEvents = YES;
				INFOPLIST_KEY_UILaunchScreen_Generation = YES;
				INFOPLIST_KEY_UIStatusBarStyle = UIStatusBarStyleDefault;
				IPHONEOS_DEPLOYMENT_TARGET = 17.0;
				LD_RUNPATH_SEARCH_PATHS = (
					"$(inherited)",
					"@executable_path/Frameworks",
				);
				MARKETING_VERSION = 1.0.0;
				PRODUCT_BUNDLE_IDENTIFIER = com.tonaria.subsc;
				PRODUCT_NAME = "$(TARGET_NAME)";
				SUPPORTED_PLATFORMS = "iphoneos iphonesimulator";
				SUPPORTS_MACCATALYST = NO;
				SWIFT_EMIT_LOC_STRINGS = YES;
				SWIFT_VERSION = 6.0;
				TARGETED_DEVICE_FAMILY = 1;
			};
			name = Release;
		};
		150000030000000000000003 /* Debug */ = {
			isa = XCBuildConfiguration;
			buildSettings = {
				BUNDLE_LOADER = "$(TEST_HOST)";
				CODE_SIGN_STYLE = Automatic;
				GENERATE_INFOPLIST_FILE = YES;
				IPHONEOS_DEPLOYMENT_TARGET = 17.0;
				LD_RUNPATH_SEARCH_PATHS = (
					"$(inherited)",
					"@executable_path/Frameworks",
					"@loader_path/Frameworks",
				);
				PRODUCT_BUNDLE_IDENTIFIER = com.tonaria.subsc.tests;
				PRODUCT_NAME = "$(TARGET_NAME)";
				SWIFT_EMIT_LOC_STRINGS = NO;
				SWIFT_VERSION = 6.0;
				TARGETED_DEVICE_FAMILY = 1;
				TEST_HOST = "$(BUILT_PRODUCTS_DIR)/Subsc.app/$(BUNDLE_EXECUTABLE_FOLDER_PATH)/Subsc";
			};
			name = Debug;
		};
		150000040000000000000004 /* Release */ = {
			isa = XCBuildConfiguration;
			buildSettings = {
				BUNDLE_LOADER = "$(TEST_HOST)";
				CODE_SIGN_STYLE = Automatic;
				GENERATE_INFOPLIST_FILE = YES;
				IPHONEOS_DEPLOYMENT_TARGET = 17.0;
				LD_RUNPATH_SEARCH_PATHS = (
					"$(inherited)",
					"@executable_path/Frameworks",
					"@loader_path/Frameworks",
				);
				PRODUCT_BUNDLE_IDENTIFIER = com.tonaria.subsc.tests;
				PRODUCT_NAME = "$(TARGET_NAME)";
				SWIFT_EMIT_LOC_STRINGS = NO;
				SWIFT_VERSION = 6.0;
				TARGETED_DEVICE_FAMILY = 1;
				TEST_HOST = "$(BUILT_PRODUCTS_DIR)/Subsc.app/$(BUNDLE_EXECUTABLE_FOLDER_PATH)/Subsc";
			};
			name = Release;
		};
		150000050000000000000005 /* Debug */ = {
			isa = XCBuildConfiguration;
			buildSettings = {
				ALWAYS_SEARCH_USER_PATHS = NO;
				CLANG_ANALYZER_NONNULL = YES;
				CLANG_CXX_LANGUAGE_STANDARD = "gnu++20";
				CLANG_ENABLE_MODULES = YES;
				CLANG_ENABLE_OBJC_ARC = YES;
				CLANG_WARN_BOOL_CONVERSION = YES;
				CLANG_WARN_CONSTANT_CONVERSION = YES;
				CLANG_WARN_DEPRECATED_OBJC_IMPLEMENTATIONS = YES;
				CLANG_WARN_DOCUMENTATION_COMMENTS = YES;
				CLANG_WARN_EMPTY_BODY = YES;
				CLANG_WARN_ENUM_CONVERSION = YES;
				CLANG_WARN_INFINITE_RECURSION = YES;
				CLANG_WARN_INT_CONVERSION = YES;
				CLANG_WARN_NON_LITERAL_NULL_CONVERSION = YES;
				CLANG_WARN_OBJC_IMPLICIT_RETAIN_SELF = YES;
				CLANG_WARN_OBJC_LITERAL_CONVERSION = YES;
				CLANG_WARN_QUOTED_INCLUDE_IN_FRAMEWORK_HEADER = YES;
				CLANG_WARN_RANGE_LOOP_ANALYSIS = YES;
				CLANG_WARN_STRICT_PROTOTYPES = YES;
				CLANG_WARN_SUSPICIOUS_MOVE = YES;
				CLANG_WARN_UNGUARDED_AVAILABILITY = YES_AGGRESSIVE;
				DEBUG_INFORMATION_FORMAT = dwarf;
				ENABLE_TESTABILITY = YES;
				GCC_C_LANGUAGE_STANDARD = gnu17;
				GCC_NO_COMMON_BLOCKS = YES;
				GCC_OPTIMIZATION_LEVEL = 0;
				GCC_PREPROCESSOR_DEFINITIONS = (
					"DEBUG=1",
					"$(inherited)",
				);
				MTL_ENABLE_DEBUG_INFO = INCLUDE_SOURCE;
				MTL_FAST_MATH = YES;
				ONLY_ACTIVE_ARCH = YES;
				SDKROOT = iphoneos;
				SWIFT_ACTIVE_COMPILATION_CONDITIONS = "DEBUG $(inherited)";
				SWIFT_OPTIMIZATION_LEVEL = "-Onone";
			};
			name = Debug;
		};
		150000060000000000000006 /* Release */ = {
			isa = XCBuildConfiguration;
			buildSettings = {
				ALWAYS_SEARCH_USER_PATHS = NO;
				CLANG_ANALYZER_NONNULL = YES;
				CLANG_CXX_LANGUAGE_STANDARD = "gnu++20";
				CLANG_ENABLE_MODULES = YES;
				CLANG_ENABLE_OBJC_ARC = YES;
				CLANG_WARN_BOOL_CONVERSION = YES;
				CLANG_WARN_CONSTANT_CONVERSION = YES;
				CLANG_WARN_DEPRECATED_OBJC_IMPLEMENTATIONS = YES;
				CLANG_WARN_DOCUMENTATION_COMMENTS = YES;
				CLANG_WARN_EMPTY_BODY = YES;
				CLANG_WARN_ENUM_CONVERSION = YES;
				CLANG_WARN_INFINITE_RECURSION = YES;
				CLANG_WARN_INT_CONVERSION = YES;
				CLANG_WARN_NON_LITERAL_NULL_CONVERSION = YES;
				CLANG_WARN_OBJC_IMPLICIT_RETAIN_SELF = YES;
				CLANG_WARN_OBJC_LITERAL_CONVERSION = YES;
				CLANG_WARN_QUOTED_INCLUDE_IN_FRAMEWORK_HEADER = YES;
				CLANG_WARN_RANGE_LOOP_ANALYSIS = YES;
				CLANG_WARN_STRICT_PROTOTYPES = YES;
				CLANG_WARN_SUSPICIOUS_MOVE = YES;
				CLANG_WARN_UNGUARDED_AVAILABILITY = YES_AGGRESSIVE;
				COPY_PHASE_STRIP = NO;
				DEBUG_INFORMATION_FORMAT = "dwarf-with-dsym";
				ENABLE_NS_ASSERTIONS = NO;
				GCC_C_LANGUAGE_STANDARD = gnu17;
				GCC_NO_COMMON_BLOCKS = YES;
				MTL_ENABLE_DEBUG_INFO = NO;
				MTL_FAST_MATH = YES;
				SDKROOT = iphoneos;
				SWIFT_COMPILATION_MODE = wholemodule;
				VALIDATE_PRODUCT = YES;
			};
			name = Release;
		};
		150000070000000000000007 /* Debug */ = {
			isa = XCBuildConfiguration;
			buildSettings = {
				CODE_SIGN_STYLE = Automatic;
				DEVELOPMENT_TEAM = 2ZR6Z7NP8H;
				GENERATE_INFOPLIST_FILE = YES;
				IPHONEOS_DEPLOYMENT_TARGET = 17.0;
				PRODUCT_BUNDLE_IDENTIFIER = com.tonaria.subsc.uitests;
				PRODUCT_NAME = "$(TARGET_NAME)";
				SWIFT_EMIT_LOC_STRINGS = NO;
				SWIFT_VERSION = 6.0;
				TARGETED_DEVICE_FAMILY = 1;
				TEST_TARGET_NAME = Subsc;
			};
			name = Debug;
		};
		150000080000000000000008 /* Release */ = {
			isa = XCBuildConfiguration;
			buildSettings = {
				CODE_SIGN_STYLE = Automatic;
				DEVELOPMENT_TEAM = 2ZR6Z7NP8H;
				GENERATE_INFOPLIST_FILE = YES;
				IPHONEOS_DEPLOYMENT_TARGET = 17.0;
				PRODUCT_BUNDLE_IDENTIFIER = com.tonaria.subsc.uitests;
				PRODUCT_NAME = "$(TARGET_NAME)";
				SWIFT_EMIT_LOC_STRINGS = NO;
				SWIFT_VERSION = 6.0;
				TARGETED_DEVICE_FAMILY = 1;
				TEST_TARGET_NAME = Subsc;
			};
			name = Release;
		};
/* End XCBuildConfiguration section */

/* Begin XCConfigurationList section */
		110000010000000000000001 /* Build configuration list for PBXNativeTarget "Subsc" */ = {
			isa = XCConfigurationList;
			buildConfigurations = (
				150000010000000000000001 /* Debug */,
				150000020000000000000002 /* Release */,
			);
			defaultConfigurationIsVisible = 0;
			defaultConfigurationName = Release;
		};
		110000020000000000000002 /* Build configuration list for PBXNativeTarget "SubscTests" */ = {
			isa = XCConfigurationList;
			buildConfigurations = (
				150000030000000000000003 /* Debug */,
				150000040000000000000004 /* Release */,
			);
			defaultConfigurationIsVisible = 0;
			defaultConfigurationName = Release;
		};
		110000030000000000000003 /* Build configuration list for PBXProject "Subsc" */ = {
			isa = XCConfigurationList;
			buildConfigurations = (
				150000050000000000000005 /* Debug */,
				150000060000000000000006 /* Release */,
			);
			defaultConfigurationIsVisible = 0;
			defaultConfigurationName = Release;
		};
		110000040000000000000004 /* Build configuration list for PBXNativeTarget "SubscUITests" */ = {
			isa = XCConfigurationList;
			buildConfigurations = (
				150000070000000000000007 /* Debug */,
				150000080000000000000008 /* Release */,
			);
			defaultConfigurationIsVisible = 0;
			defaultConfigurationName = Release;
		};
/* End XCConfigurationList section */
	};
	rootObject = DD0000010000000000000001 /* Project object */;
}
